
Microsoft Visual Studio Solution File, Format Version 12.00
# Visual Studio Version 17
VisualStudioVersion = 17.6.33723.286
MinimumVisualStudioVersion = 10.0.40219.1
Project("{FAE04EC0-301F-11D3-BF4B-00C04F79EFBC}") = "IMU.Performance.Updated.API", "IMU.Performance.Updated.API\IMU.Performance.Updated.API.csproj", "{A5F0C142-6144-436F-8D9F-AF1CC74F954D}"
EndProject
Global
	GlobalSection(SolutionConfigurationPlatforms) = preSolution
		Debug|Any CPU = Debug|Any CPU
		Release|Any CPU = Release|Any CPU
	EndGlobalSection
	GlobalSection(ProjectConfigurationPlatforms) = postSolution
		{A5F0C142-6144-436F-8D9F-AF1CC74F954D}.Debug|Any CPU.ActiveCfg = Debug|Any CPU
		{A5F0C142-6144-436F-8D9F-AF1CC74F954D}.Debug|Any CPU.Build.0 = Debug|Any CPU
		{A5F0C142-6144-436F-8D9F-AF1CC74F954D}.Release|Any CPU.ActiveCfg = Release|Any CPU
		{A5F0C142-6144-436F-8D9F-AF1CC74F954D}.Release|Any CPU.Build.0 = Release|Any CPU
	EndGlobalSection
	GlobalSection(SolutionProperties) = preSolution
		HideSolutionNode = FALSE
	EndGlobalSection
	GlobalSection(ExtensibilityGlobals) = postSolution
		SolutionGuid = {F6B285DC-8918-4B53-A827-427E99F61650}
	EndGlobalSection
EndGlobal
